
Microsoft Visual Studio Solution File, Format Version 12.00
# Visual Studio Version 17
VisualStudioVersion = 17.5.002.0
MinimumVisualStudioVersion = 10.0.40219.1
Project("{9A19103F-16F7-4668-BE54-9A1E7A4F7556}") = "NombreMystere", "NombreMystere.csproj", "{0E92F7D0-2301-4FB4-8C25-30B7CDFF0CC8}"
EndProject
Global
	GlobalSection(SolutionConfigurationPlatforms) = preSolution
		Debug|Any CPU = Debug|Any CPU
		Release|Any CPU = Release|Any CPU
	EndGlobalSection
	GlobalSection(ProjectConfigurationPlatforms) = postSolution
		{0E92F7D0-2301-4FB4-8C25-30B7CDFF0CC8}.Debug|Any CPU.ActiveCfg = Debug|Any CPU
		{0E92F7D0-2301-4FB4-8C25-30B7CDFF0CC8}.Debug|Any CPU.Build.0 = Debug|Any CPU
		{0E92F7D0-2301-4FB4-8C25-30B7CDFF0CC8}.Release|Any CPU.ActiveCfg = Release|Any CPU
		{0E92F7D0-2301-4FB4-8C25-30B7CDFF0CC8}.Release|Any CPU.Build.0 = Release|Any CPU
	EndGlobalSection
	GlobalSection(SolutionProperties) = preSolution
		HideSolutionNode = FALSE
	EndGlobalSection
	GlobalSection(ExtensibilityGlobals) = postSolution
		SolutionGuid = {E9F904C0-0E76-442C-BA2E-089FCCBBA18D}
	EndGlobalSection
EndGlobal
